
Microsoft Visual Studio Solution File, Format Version 12.00
# Visual Studio 14
VisualStudioVersion = 14.0.25420.1
MinimumVisualStudioVersion = 10.0.40219.1
Project("{FAE04EC0-301F-11D3-BF4B-00C04F79EFBC}") = "SingleAppExample", "..\SingleAppExample\SingleAppExample.csproj", "{C366C3F5-11BF-486D-90DE-DED2E47485CB}"
EndProject
Project("{2150E333-8FDC-42A3-9474-1A3956D46DE8}") = ".nuget", ".nuget", "{8565C127-C99C-4665-A88A-3AE1A7F8DF51}"
	ProjectSection(SolutionItems) = preProject
		.nuget\NuGet.Config = .nuget\NuGet.Config
		.nuget\NuGet.exe = .nuget\NuGet.exe
		.nuget\NuGet.targets = .nuget\NuGet.targets
	EndProjectSection
EndProject
Project("{FAE04EC0-301F-11D3-BF4B-00C04F79EFBC}") = "ContosoUniversity", "..\ContosoUniversity\ContosoUniversity.csproj", "{18CEBC88-A40B-4121-9F38-8F02DC4FDB3F}"
EndProject
Project("{FAE04EC0-301F-11D3-BF4B-00C04F79EFBC}") = "TestJsNetBridgeApp", "..\TestJsNetBridgeApp\TestJsNetBridgeApp.csproj", "{81E162CD-0DF4-437E-AFE5-5400AC55B02F}"
EndProject
Project("{FAE04EC0-301F-11D3-BF4B-00C04F79EFBC}") = "TestModels", "..\TestModels\TestModels.csproj", "{0A8036B1-AEE5-4046-9906-A016BFA857A7}"
EndProject
Project("{8BB2217D-0F2D-49D1-97BC-3654ED321F3B}") = "WebApplicationWinCore", "..\WebApplicationWinCore\WebApplicationWinCore.xproj", "{6059B4D3-33EB-4DA4-A531-EFD84B861DA7}"
EndProject
Project("{FAE04EC0-301F-11D3-BF4B-00C04F79EFBC}") = "WebApp", "..\Angular.JsNetBridge\WebApp\WebApp.csproj", "{0AB0A3F4-F35F-4F99-8F53-E1DDD4A2227F}"
EndProject
Global
	GlobalSection(SolutionConfigurationPlatforms) = preSolution
		Debug|Any CPU = Debug|Any CPU
		Release|Any CPU = Release|Any CPU
	EndGlobalSection
	GlobalSection(ProjectConfigurationPlatforms) = postSolution
		{C366C3F5-11BF-486D-90DE-DED2E47485CB}.Debug|Any CPU.ActiveCfg = Debug|Any CPU
		{C366C3F5-11BF-486D-90DE-DED2E47485CB}.Debug|Any CPU.Build.0 = Debug|Any CPU
		{C366C3F5-11BF-486D-90DE-DED2E47485CB}.Release|Any CPU.ActiveCfg = Release|Any CPU
		{C366C3F5-11BF-486D-90DE-DED2E47485CB}.Release|Any CPU.Build.0 = Release|Any CPU
		{18CEBC88-A40B-4121-9F38-8F02DC4FDB3F}.Debug|Any CPU.ActiveCfg = Debug|Any CPU
		{18CEBC88-A40B-4121-9F38-8F02DC4FDB3F}.Debug|Any CPU.Build.0 = Debug|Any CPU
		{18CEBC88-A40B-4121-9F38-8F02DC4FDB3F}.Release|Any CPU.ActiveCfg = Release|Any CPU
		{18CEBC88-A40B-4121-9F38-8F02DC4FDB3F}.Release|Any CPU.Build.0 = Release|Any CPU
		{81E162CD-0DF4-437E-AFE5-5400AC55B02F}.Debug|Any CPU.ActiveCfg = Debug|Any CPU
		{81E162CD-0DF4-437E-AFE5-5400AC55B02F}.Debug|Any CPU.Build.0 = Debug|Any CPU
		{81E162CD-0DF4-437E-AFE5-5400AC55B02F}.Release|Any CPU.ActiveCfg = Release|Any CPU
		{81E162CD-0DF4-437E-AFE5-5400AC55B02F}.Release|Any CPU.Build.0 = Release|Any CPU
		{0A8036B1-AEE5-4046-9906-A016BFA857A7}.Debug|Any CPU.ActiveCfg = Debug|Any CPU
		{0A8036B1-AEE5-4046-9906-A016BFA857A7}.Debug|Any CPU.Build.0 = Debug|Any CPU
		{0A8036B1-AEE5-4046-9906-A016BFA857A7}.Release|Any CPU.ActiveCfg = Release|Any CPU
		{0A8036B1-AEE5-4046-9906-A016BFA857A7}.Release|Any CPU.Build.0 = Release|Any CPU
		{6059B4D3-33EB-4DA4-A531-EFD84B861DA7}.Debug|Any CPU.ActiveCfg = Debug|Any CPU
		{6059B4D3-33EB-4DA4-A531-EFD84B861DA7}.Debug|Any CPU.Build.0 = Debug|Any CPU
		{6059B4D3-33EB-4DA4-A531-EFD84B861DA7}.Release|Any CPU.ActiveCfg = Release|Any CPU
		{6059B4D3-33EB-4DA4-A531-EFD84B861DA7}.Release|Any CPU.Build.0 = Release|Any CPU
		{0AB0A3F4-F35F-4F99-8F53-E1DDD4A2227F}.Debug|Any CPU.ActiveCfg = Debug|Any CPU
		{0AB0A3F4-F35F-4F99-8F53-E1DDD4A2227F}.Debug|Any CPU.Build.0 = Debug|Any CPU
		{0AB0A3F4-F35F-4F99-8F53-E1DDD4A2227F}.Release|Any CPU.ActiveCfg = Release|Any CPU
		{0AB0A3F4-F35F-4F99-8F53-E1DDD4A2227F}.Release|Any CPU.Build.0 = Release|Any CPU
	EndGlobalSection
	GlobalSection(SolutionProperties) = preSolution
		HideSolutionNode = FALSE
	EndGlobalSection
EndGlobal
