
Microsoft Visual Studio Solution File, Format Version 12.00
# Visual Studio 14
VisualStudioVersion = 14.0.25420.1
MinimumVisualStudioVersion = 10.0.40219.1
Project("{FAE04EC0-301F-11D3-BF4B-00C04F79EFBC}") = "Diphap.JsNetBridge", "Diphap.JsNetBridge\Diphap.JsNetBridge.csproj", "{57119D8E-CED9-4E30-B88B-3C9724782760}"
EndProject
Project("{2150E333-8FDC-42A3-9474-1A3956D46DE8}") = "Test", "Test", "{ED1FFE1E-C412-43A9-A251-2C7CA05808A5}"
EndProject
Project("{FAE04EC0-301F-11D3-BF4B-00C04F79EFBC}") = "Diphap.JsNetBridge.Generator", "Diphap.JsNetBridge.Generator\Diphap.JsNetBridge.Generator.csproj", "{31B8FA9E-A833-4BCD-89D3-0196564BCDDB}"
EndProject
Project("{FAE04EC0-301F-11D3-BF4B-00C04F79EFBC}") = "Diphap.JsNetBridge.Mvc", "Diphap.JsNetBridge.Mvc\Diphap.JsNetBridge.Mvc.csproj", "{96C2625F-54A7-45E1-BBEF-BA29AA1E4B0B}"
EndProject
Project("{2150E333-8FDC-42A3-9474-1A3956D46DE8}") = ".nuget", ".nuget", "{013F3628-1D89-44E0-991D-EB3259565D99}"
	ProjectSection(SolutionItems) = preProject
		.nuget\NuGet.Config = .nuget\NuGet.Config
		.nuget\NuGet.exe = .nuget\NuGet.exe
		.nuget\NuGet.targets = .nuget\NuGet.targets
	EndProjectSection
EndProject
Project("{FAE04EC0-301F-11D3-BF4B-00C04F79EFBC}") = "UnitTest_JsNetBridge", "UnitTest_JsNetBridge\UnitTest_JsNetBridge.csproj", "{60A18E99-E73E-4578-AF40-B9B62FB2E662}"
EndProject
Project("{FAE04EC0-301F-11D3-BF4B-00C04F79EFBC}") = "NuGet.Packager", "NuGet.Packager\NuGet.Packager.csproj", "{0451BAEF-DF2E-4B98-8644-94EE9415E389}"
EndProject
Project("{FAE04EC0-301F-11D3-BF4B-00C04F79EFBC}") = "Diphap.JsNetBridge.Mvc.Proxy", "Diphap.JsNetBridge.Mvc.Proxy\Diphap.JsNetBridge.Mvc.Proxy.csproj", "{5F5A4E70-5562-4C29-843E-6043E21895E0}"
EndProject
Project("{2150E333-8FDC-42A3-9474-1A3956D46DE8}") = "App", "App", "{51F6D796-1F21-422D-9A0C-099669E93E96}"
EndProject
Project("{FAE04EC0-301F-11D3-BF4B-00C04F79EFBC}") = "TestModels", "TestModels\TestModels.csproj", "{0A8036B1-AEE5-4046-9906-A016BFA857A7}"
EndProject
Project("{FAE04EC0-301F-11D3-BF4B-00C04F79EFBC}") = "Diphap.JsNetBridge.Generator.Lib", "Diphap.JsNetBridge.Generator.Lib\Diphap.JsNetBridge.Generator.Lib.csproj", "{7A1EF236-CEA6-4FB8-B135-8D930CF825EC}"
EndProject
Project("{8BB2217D-0F2D-49D1-97BC-3654ED321F3B}") = "Diphap.JsNetBridge.GeneratorNetCore", "Diphap.JsNetBridge.GeneratorNetCore\Diphap.JsNetBridge.GeneratorNetCore.xproj", "{0A7C4C14-2086-4731-82C8-882CD5C1C3CE}"
EndProject
Project("{FAE04EC0-301F-11D3-BF4B-00C04F79EFBC}") = "TestJsNetBridgeApp", "TestJsNetBridgeApp\TestJsNetBridgeApp.csproj", "{81E162CD-0DF4-437E-AFE5-5400AC55B02F}"
EndProject
Project("{8BB2217D-0F2D-49D1-97BC-3654ED321F3B}") = "WebApplicationWinCore", "WebApplicationWinCore\WebApplicationWinCore.xproj", "{6059B4D3-33EB-4DA4-A531-EFD84B861DA7}"
EndProject
Global
	GlobalSection(SolutionConfigurationPlatforms) = preSolution
		Debug|Any CPU = Debug|Any CPU
		Release|Any CPU = Release|Any CPU
	EndGlobalSection
	GlobalSection(ProjectConfigurationPlatforms) = postSolution
		{57119D8E-CED9-4E30-B88B-3C9724782760}.Debug|Any CPU.ActiveCfg = Debug|Any CPU
		{57119D8E-CED9-4E30-B88B-3C9724782760}.Debug|Any CPU.Build.0 = Debug|Any CPU
		{57119D8E-CED9-4E30-B88B-3C9724782760}.Release|Any CPU.ActiveCfg = Release|Any CPU
		{57119D8E-CED9-4E30-B88B-3C9724782760}.Release|Any CPU.Build.0 = Release|Any CPU
		{31B8FA9E-A833-4BCD-89D3-0196564BCDDB}.Debug|Any CPU.ActiveCfg = Debug|Any CPU
		{31B8FA9E-A833-4BCD-89D3-0196564BCDDB}.Debug|Any CPU.Build.0 = Debug|Any CPU
		{31B8FA9E-A833-4BCD-89D3-0196564BCDDB}.Release|Any CPU.ActiveCfg = Release|Any CPU
		{31B8FA9E-A833-4BCD-89D3-0196564BCDDB}.Release|Any CPU.Build.0 = Release|Any CPU
		{96C2625F-54A7-45E1-BBEF-BA29AA1E4B0B}.Debug|Any CPU.ActiveCfg = Debug|Any CPU
		{96C2625F-54A7-45E1-BBEF-BA29AA1E4B0B}.Debug|Any CPU.Build.0 = Debug|Any CPU
		{96C2625F-54A7-45E1-BBEF-BA29AA1E4B0B}.Release|Any CPU.ActiveCfg = Release|Any CPU
		{96C2625F-54A7-45E1-BBEF-BA29AA1E4B0B}.Release|Any CPU.Build.0 = Release|Any CPU
		{60A18E99-E73E-4578-AF40-B9B62FB2E662}.Debug|Any CPU.ActiveCfg = Debug|Any CPU
		{60A18E99-E73E-4578-AF40-B9B62FB2E662}.Debug|Any CPU.Build.0 = Debug|Any CPU
		{60A18E99-E73E-4578-AF40-B9B62FB2E662}.Release|Any CPU.ActiveCfg = Release|Any CPU
		{0451BAEF-DF2E-4B98-8644-94EE9415E389}.Debug|Any CPU.ActiveCfg = Debug|Any CPU
		{0451BAEF-DF2E-4B98-8644-94EE9415E389}.Release|Any CPU.ActiveCfg = Release|Any CPU
		{5F5A4E70-5562-4C29-843E-6043E21895E0}.Debug|Any CPU.ActiveCfg = Debug|Any CPU
		{5F5A4E70-5562-4C29-843E-6043E21895E0}.Debug|Any CPU.Build.0 = Debug|Any CPU
		{5F5A4E70-5562-4C29-843E-6043E21895E0}.Release|Any CPU.ActiveCfg = Release|Any CPU
		{5F5A4E70-5562-4C29-843E-6043E21895E0}.Release|Any CPU.Build.0 = Release|Any CPU
		{0A8036B1-AEE5-4046-9906-A016BFA857A7}.Debug|Any CPU.ActiveCfg = Debug|Any CPU
		{0A8036B1-AEE5-4046-9906-A016BFA857A7}.Debug|Any CPU.Build.0 = Debug|Any CPU
		{0A8036B1-AEE5-4046-9906-A016BFA857A7}.Release|Any CPU.ActiveCfg = Release|Any CPU
		{0A8036B1-AEE5-4046-9906-A016BFA857A7}.Release|Any CPU.Build.0 = Release|Any CPU
		{7A1EF236-CEA6-4FB8-B135-8D930CF825EC}.Debug|Any CPU.ActiveCfg = Debug|Any CPU
		{7A1EF236-CEA6-4FB8-B135-8D930CF825EC}.Debug|Any CPU.Build.0 = Debug|Any CPU
		{7A1EF236-CEA6-4FB8-B135-8D930CF825EC}.Release|Any CPU.ActiveCfg = Release|Any CPU
		{7A1EF236-CEA6-4FB8-B135-8D930CF825EC}.Release|Any CPU.Build.0 = Release|Any CPU
		{0A7C4C14-2086-4731-82C8-882CD5C1C3CE}.Debug|Any CPU.ActiveCfg = Debug|Any CPU
		{0A7C4C14-2086-4731-82C8-882CD5C1C3CE}.Debug|Any CPU.Build.0 = Debug|Any CPU
		{0A7C4C14-2086-4731-82C8-882CD5C1C3CE}.Release|Any CPU.ActiveCfg = Release|Any CPU
		{0A7C4C14-2086-4731-82C8-882CD5C1C3CE}.Release|Any CPU.Build.0 = Release|Any CPU
		{81E162CD-0DF4-437E-AFE5-5400AC55B02F}.Debug|Any CPU.ActiveCfg = Debug|Any CPU
		{81E162CD-0DF4-437E-AFE5-5400AC55B02F}.Debug|Any CPU.Build.0 = Debug|Any CPU
		{81E162CD-0DF4-437E-AFE5-5400AC55B02F}.Release|Any CPU.ActiveCfg = Release|Any CPU
		{81E162CD-0DF4-437E-AFE5-5400AC55B02F}.Release|Any CPU.Build.0 = Release|Any CPU
		{6059B4D3-33EB-4DA4-A531-EFD84B861DA7}.Debug|Any CPU.ActiveCfg = Debug|Any CPU
		{6059B4D3-33EB-4DA4-A531-EFD84B861DA7}.Debug|Any CPU.Build.0 = Debug|Any CPU
		{6059B4D3-33EB-4DA4-A531-EFD84B861DA7}.Release|Any CPU.ActiveCfg = Release|Any CPU
		{6059B4D3-33EB-4DA4-A531-EFD84B861DA7}.Release|Any CPU.Build.0 = Release|Any CPU
	EndGlobalSection
	GlobalSection(SolutionProperties) = preSolution
		HideSolutionNode = FALSE
	EndGlobalSection
	GlobalSection(NestedProjects) = preSolution
		{31B8FA9E-A833-4BCD-89D3-0196564BCDDB} = {51F6D796-1F21-422D-9A0C-099669E93E96}
		{60A18E99-E73E-4578-AF40-B9B62FB2E662} = {ED1FFE1E-C412-43A9-A251-2C7CA05808A5}
		{0A8036B1-AEE5-4046-9906-A016BFA857A7} = {ED1FFE1E-C412-43A9-A251-2C7CA05808A5}
		{7A1EF236-CEA6-4FB8-B135-8D930CF825EC} = {51F6D796-1F21-422D-9A0C-099669E93E96}
		{0A7C4C14-2086-4731-82C8-882CD5C1C3CE} = {51F6D796-1F21-422D-9A0C-099669E93E96}
		{81E162CD-0DF4-437E-AFE5-5400AC55B02F} = {ED1FFE1E-C412-43A9-A251-2C7CA05808A5}
		{6059B4D3-33EB-4DA4-A531-EFD84B861DA7} = {ED1FFE1E-C412-43A9-A251-2C7CA05808A5}
	EndGlobalSection
EndGlobal
