
Microsoft Visual Studio Solution File, Format Version 12.00
# Visual Studio 2012
Project("{FAE04EC0-301F-11D3-BF4B-00C04F79EFBC}") = "MvcApplication1", "MvcApplication1\MvcApplication1.csproj", "{BB67266E-086B-4F9E-B032-BEF20608C8BC}"
EndProject
Global
	GlobalSection(SolutionConfigurationPlatforms) = preSolution
		Debug|Any CPU = Debug|Any CPU
		Release|Any CPU = Release|Any CPU
	EndGlobalSection
	GlobalSection(ProjectConfigurationPlatforms) = postSolution
		{BB67266E-086B-4F9E-B032-BEF20608C8BC}.Debug|Any CPU.ActiveCfg = Debug|Any CPU
		{BB67266E-086B-4F9E-B032-BEF20608C8BC}.Debug|Any CPU.Build.0 = Debug|Any CPU
		{BB67266E-086B-4F9E-B032-BEF20608C8BC}.Release|Any CPU.ActiveCfg = Release|Any CPU
		{BB67266E-086B-4F9E-B032-BEF20608C8BC}.Release|Any CPU.Build.0 = Release|Any CPU
	EndGlobalSection
	GlobalSection(SolutionProperties) = preSolution
		HideSolutionNode = FALSE
	EndGlobalSection
EndGlobal
